# This file is automatically @generated by Cargo.
# It is not intended for manual editing.
version = 4

[[package]]
name = "zaru-aegis"
version = "0.0.0"
dependencies = [
 "zaru-seal",
]

[[package]]
name = "zaru-cli"
version = "0.0.0"
dependencies = [
 "zaru-aegis",
 "zaru-core",
 "zaru-notes",
 "zaru-seal",
 "zaru-tui",
]

[[package]]
name = "zaru-core"
version = "0.0.0"

[[package]]
name = "zaru-notes"
version = "0.0.0"

[[package]]
name = "zaru-seal"
version = "0.0.0"

[[package]]
name = "zaru-tui"
version = "0.0.0"
dependencies = [
 "zaru-core",
]
